// !$*UTF8*$!
{
	archiveVersion = 1;
	classes = {
	};
	objectVersion = 50;
	objects = {

/* Begin PBXBuildFile section */
		D9EB0E97254C3DD000C67E20 /* FilmsApp.swift in Sources */ = {isa = PBXBuildFile; fileRef = D9EB0E96254C3DD000C67E20 /* FilmsApp.swift */; };
		D9EB0E99254C3DD000C67E20 /* ContentView.swift in Sources */ = {isa = PBXBuildFile; fileRef = D9EB0E98254C3DD000C67E20 /* ContentView.swift */; };
		D9EB0E9B254C3DD100C67E20 /* Assets.xcassets in Resources */ = {isa = PBXBuildFile; fileRef = D9EB0E9A254C3DD100C67E20 /* Assets.xcassets */; };
		D9EB0E9E254C3DD100C67E20 /* Preview Assets.xcassets in Resources */ = {isa = PBXBuildFile; fileRef = D9EB0E9D254C3DD100C67E20 /* Preview Assets.xcassets */; };
		D9EB0EA9254C3DD100C67E20 /* FilmsTests.swift in Sources */ = {isa = PBXBuildFile; fileRef = D9EB0EA8254C3DD100C67E20 /* FilmsTests.swift */; };
		D9EB0EB4254C3DD100C67E20 /* FilmsUITests.swift in Sources */ = {isa = PBXBuildFile; fileRef = D9EB0EB3254C3DD100C67E20 /* FilmsUITests.swift */; };
		D9EB0EC5254C3F1900C67E20 /* scoresdata.json in Resources */ = {isa = PBXBuildFile; fileRef = D9EB0EC4254C3F1900C67E20 /* scoresdata.json */; };
		D9EB0ECC254C3F8800C67E20 /* Score.swift in Sources */ = {isa = PBXBuildFile; fileRef = D9EB0ECB254C3F8800C67E20 /* Score.swift */; };
		D9EB0ED5254C444800C67E20 /* FilmsView.swift in Sources */ = {isa = PBXBuildFile; fileRef = D9EB0ED4254C444800C67E20 /* FilmsView.swift */; };
		D9EB0EDB254C47AC00C67E20 /* RowFilmView.swift in Sources */ = {isa = PBXBuildFile; fileRef = D9EB0EDA254C47AC00C67E20 /* RowFilmView.swift */; };
/* End PBXBuildFile section */

/* Begin PBXContainerItemProxy section */
		D9EB0EA5254C3DD100C67E20 /* PBXContainerItemProxy */ = {
			isa = PBXContainerItemProxy;
			containerPortal = D9EB0E8B254C3DD000C67E20 /* Project object */;
			proxyType = 1;
			remoteGlobalIDString = D9EB0E92254C3DD000C67E20;
			remoteInfo = Films;
		};
		D9EB0EB0254C3DD100C67E20 /* PBXContainerItemProxy */ = {
			isa = PBXContainerItemProxy;
			containerPortal = D9EB0E8B254C3DD000C67E20 /* Project object */;
			proxyType = 1;
			remoteGlobalIDString = D9EB0E92254C3DD000C67E20;
			remoteInfo = Films;
		};
/* End PBXContainerItemProxy section */

/* Begin PBXFileReference section */
		D9EB0E93254C3DD000C67E20 /* Films.app */ = {isa = PBXFileReference; explicitFileType = wrapper.application; includeInIndex = 0; path = Films.app; sourceTree = BUILT_PRODUCTS_DIR; };
		D9EB0E96254C3DD000C67E20 /* FilmsApp.swift */ = {isa = PBXFileReference; lastKnownFileType = sourcecode.swift; path = FilmsApp.swift; sourceTree = "<group>"; };
		D9EB0E98254C3DD000C67E20 /* ContentView.swift */ = {isa = PBXFileReference; lastKnownFileType = sourcecode.swift; path = ContentView.swift; sourceTree = "<group>"; };
		D9EB0E9A254C3DD100C67E20 /* Assets.xcassets */ = {isa = PBXFileReference; lastKnownFileType = folder.assetcatalog; path = Assets.xcassets; sourceTree = "<group>"; };
		D9EB0E9D254C3DD100C67E20 /* Preview Assets.xcassets */ = {isa = PBXFileReference; lastKnownFileType = folder.assetcatalog; path = "Preview Assets.xcassets"; sourceTree = "<group>"; };
		D9EB0E9F254C3DD100C67E20 /* Info.plist */ = {isa = PBXFileReference; lastKnownFileType = text.plist.xml; path = Info.plist; sourceTree = "<group>"; };
		D9EB0EA4254C3DD100C67E20 /* FilmsTests.xctest */ = {isa = PBXFileReference; explicitFileType = wrapper.cfbundle; includeInIndex = 0; path = FilmsTests.xctest; sourceTree = BUILT_PRODUCTS_DIR; };
		D9EB0EA8254C3DD100C67E20 /* FilmsTests.swift */ = {isa = PBXFileReference; lastKnownFileType = sourcecode.swift; path = FilmsTests.swift; sourceTree = "<group>"; };
		D9EB0EAA254C3DD100C67E20 /* Info.plist */ = {isa = PBXFileReference; lastKnownFileType = text.plist.xml; path = Info.plist; sourceTree = "<group>"; };
		D9EB0EAF254C3DD100C67E20 /* FilmsUITests.xctest */ = {isa = PBXFileReference; explicitFileType = wrapper.cfbundle; includeInIndex = 0; path = FilmsUITests.xctest; sourceTree = BUILT_PRODUCTS_DIR; };
		D9EB0EB3254C3DD100C67E20 /* FilmsUITests.swift */ = {isa = PBXFileReference; lastKnownFileType = sourcecode.swift; path = FilmsUITests.swift; sourceTree = "<group>"; };
		D9EB0EB5254C3DD100C67E20 /* Info.plist */ = {isa = PBXFileReference; lastKnownFileType = text.plist.xml; path = Info.plist; sourceTree = "<group>"; };
		D9EB0EC4254C3F1900C67E20 /* scoresdata.json */ = {isa = PBXFileReference; fileEncoding = 4; lastKnownFileType = text.json; path = scoresdata.json; sourceTree = "<group>"; };
		D9EB0ECB254C3F8800C67E20 /* Score.swift */ = {isa = PBXFileReference; lastKnownFileType = sourcecode.swift; path = Score.swift; sourceTree = "<group>"; };
		D9EB0ED4254C444800C67E20 /* FilmsView.swift */ = {isa = PBXFileReference; lastKnownFileType = sourcecode.swift; path = FilmsView.swift; sourceTree = "<group>"; };
		D9EB0EDA254C47AC00C67E20 /* RowFilmView.swift */ = {isa = PBXFileReference; lastKnownFileType = sourcecode.swift; path = RowFilmView.swift; sourceTree = "<group>"; };
/* End PBXFileReference section */

/* Begin PBXFrameworksBuildPhase section */
		D9EB0E90254C3DD000C67E20 /* Frameworks */ = {
			isa = PBXFrameworksBuildPhase;
			buildActionMask = 2147483647;
			files = (
			);
			runOnlyForDeploymentPostprocessing = 0;
		};
		D9EB0EA1254C3DD100C67E20 /* Frameworks */ = {
			isa = PBXFrameworksBuildPhase;
			buildActionMask = 2147483647;
			files = (
			);
			runOnlyForDeploymentPostprocessing = 0;
		};
		D9EB0EAC254C3DD100C67E20 /* Frameworks */ = {
			isa = PBXFrameworksBuildPhase;
			buildActionMask = 2147483647;
			files = (
			);
			runOnlyForDeploymentPostprocessing = 0;
		};
/* End PBXFrameworksBuildPhase section */

/* Begin PBXGroup section */
		D9EB0E8A254C3DD000C67E20 = {
			isa = PBXGroup;
			children = (
				D9EB0E95254C3DD000C67E20 /* Films */,
				D9EB0EA7254C3DD100C67E20 /* FilmsTests */,
				D9EB0EB2254C3DD100C67E20 /* FilmsUITests */,
				D9EB0E94254C3DD000C67E20 /* Products */,
			);
			sourceTree = "<group>";
		};
		D9EB0E94254C3DD000C67E20 /* Products */ = {
			isa = PBXGroup;
			children = (
				D9EB0E93254C3DD000C67E20 /* Films.app */,
				D9EB0EA4254C3DD100C67E20 /* FilmsTests.xctest */,
				D9EB0EAF254C3DD100C67E20 /* FilmsUITests.xctest */,
			);
			name = Products;
			sourceTree = "<group>";
		};
		D9EB0E95254C3DD000C67E20 /* Films */ = {
			isa = PBXGroup;
			children = (
				D9EB0E9A254C3DD100C67E20 /* Assets.xcassets */,
				D9EB0E96254C3DD000C67E20 /* FilmsApp.swift */,
				D9EB0EC9254C3F4E00C67E20 /* Model */,
				D9EB0ED9254C478E00C67E20 /* ViewModel */,
				D9EB0ECA254C3F5700C67E20 /* Views */,
				D9EB0E98254C3DD000C67E20 /* ContentView.swift */,
				D9EB0E9F254C3DD100C67E20 /* Info.plist */,
				D9EB0EC4254C3F1900C67E20 /* scoresdata.json */,
				D9EB0E9C254C3DD100C67E20 /* Preview Content */,
			);
			path = Films;
			sourceTree = "<group>";
		};
		D9EB0E9C254C3DD100C67E20 /* Preview Content */ = {
			isa = PBXGroup;
			children = (
				D9EB0E9D254C3DD100C67E20 /* Preview Assets.xcassets */,
			);
			path = "Preview Content";
			sourceTree = "<group>";
		};
		D9EB0EA7254C3DD100C67E20 /* FilmsTests */ = {
			isa = PBXGroup;
			children = (
				D9EB0EA8254C3DD100C67E20 /* FilmsTests.swift */,
				D9EB0EAA254C3DD100C67E20 /* Info.plist */,
			);
			path = FilmsTests;
			sourceTree = "<group>";
		};
		D9EB0EB2254C3DD100C67E20 /* FilmsUITests */ = {
			isa = PBXGroup;
			children = (
				D9EB0EB3254C3DD100C67E20 /* FilmsUITests.swift */,
				D9EB0EB5254C3DD100C67E20 /* Info.plist */,
			);
			path = FilmsUITests;
			sourceTree = "<group>";
		};
		D9EB0EC9254C3F4E00C67E20 /* Model */ = {
			isa = PBXGroup;
			children = (
				D9EB0ECB254C3F8800C67E20 /* Score.swift */,
			);
			path = Model;
			sourceTree = "<group>";
		};
		D9EB0ECA254C3F5700C67E20 /* Views */ = {
			isa = PBXGroup;
			children = (
				D9EB0ED4254C444800C67E20 /* FilmsView.swift */,
			);
			path = Views;
			sourceTree = "<group>";
		};
		D9EB0ED9254C478E00C67E20 /* ViewModel */ = {
			isa = PBXGroup;
			children = (
				D9EB0EDA254C47AC00C67E20 /* RowFilmView.swift */,
			);
			path = ViewModel;
			sourceTree = "<group>";
		};
/* End PBXGroup section */

/* Begin PBXNativeTarget section */
		D9EB0E92254C3DD000C67E20 /* Films */ = {
			isa = PBXNativeTarget;
			buildConfigurationList = D9EB0EB8254C3DD100C67E20 /* Build configuration list for PBXNativeTarget "Films" */;
			buildPhases = (
				D9EB0E8F254C3DD000C67E20 /* Sources */,
				D9EB0E90254C3DD000C67E20 /* Frameworks */,
				D9EB0E91254C3DD000C67E20 /* Resources */,
			);
			buildRules = (
			);
			dependencies = (
			);
			name = Films;
			productName = Films;
			productReference = D9EB0E93254C3DD000C67E20 /* Films.app */;
			productType = "com.apple.product-type.application";
		};
		D9EB0EA3254C3DD100C67E20 /* FilmsTests */ = {
			isa = PBXNativeTarget;
			buildConfigurationList = D9EB0EBB254C3DD100C67E20 /* Build configuration list for PBXNativeTarget "FilmsTests" */;
			buildPhases = (
				D9EB0EA0254C3DD100C67E20 /* Sources */,
				D9EB0EA1254C3DD100C67E20 /* Frameworks */,
				D9EB0EA2254C3DD100C67E20 /* Resources */,
			);
			buildRules = (
			);
			dependencies = (
				D9EB0EA6254C3DD100C67E20 /* PBXTargetDependency */,
			);
			name = FilmsTests;
			productName = FilmsTests;
			productReference = D9EB0EA4254C3DD100C67E20 /* FilmsTests.xctest */;
			productType = "com.apple.product-type.bundle.unit-test";
		};
		D9EB0EAE254C3DD100C67E20 /* FilmsUITests */ = {
			isa = PBXNativeTarget;
			buildConfigurationList = D9EB0EBE254C3DD100C67E20 /* Build configuration list for PBXNativeTarget "FilmsUITests" */;
			buildPhases = (
				D9EB0EAB254C3DD100C67E20 /* Sources */,
				D9EB0EAC254C3DD100C67E20 /* Frameworks */,
				D9EB0EAD254C3DD100C67E20 /* Resources */,
			);
			buildRules = (
			);
			dependencies = (
				D9EB0EB1254C3DD100C67E20 /* PBXTargetDependency */,
			);
			name = FilmsUITests;
			productName = FilmsUITests;
			productReference = D9EB0EAF254C3DD100C67E20 /* FilmsUITests.xctest */;
			productType = "com.apple.product-type.bundle.ui-testing";
		};
/* End PBXNativeTarget section */

/* Begin PBXProject section */
		D9EB0E8B254C3DD000C67E20 /* Project object */ = {
			isa = PBXProject;
			attributes = {
				LastSwiftUpdateCheck = 1210;
				LastUpgradeCheck = 1210;
				TargetAttributes = {
					D9EB0E92254C3DD000C67E20 = {
						CreatedOnToolsVersion = 12.1;
					};
					D9EB0EA3254C3DD100C67E20 = {
						CreatedOnToolsVersion = 12.1;
						TestTargetID = D9EB0E92254C3DD000C67E20;
					};
					D9EB0EAE254C3DD100C67E20 = {
						CreatedOnToolsVersion = 12.1;
						TestTargetID = D9EB0E92254C3DD000C67E20;
					};
				};
			};
			buildConfigurationList = D9EB0E8E254C3DD000C67E20 /* Build configuration list for PBXProject "Films" */;
			compatibilityVersion = "Xcode 9.3";
			developmentRegion = en;
			hasScannedForEncodings = 0;
			knownRegions = (
				en,
				Base,
			);
			mainGroup = D9EB0E8A254C3DD000C67E20;
			productRefGroup = D9EB0E94254C3DD000C67E20 /* Products */;
			projectDirPath = "";
			projectRoot = "";
			targets = (
				D9EB0E92254C3DD000C67E20 /* Films */,
				D9EB0EA3254C3DD100C67E20 /* FilmsTests */,
				D9EB0EAE254C3DD100C67E20 /* FilmsUITests */,
			);
		};
/* End PBXProject section */

/* Begin PBXResourcesBuildPhase section */
		D9EB0E91254C3DD000C67E20 /* Resources */ = {
			isa = PBXResourcesBuildPhase;
			buildActionMask = 2147483647;
			files = (
				D9EB0E9E254C3DD100C67E20 /* Preview Assets.xcassets in Resources */,
				D9EB0EC5254C3F1900C67E20 /* scoresdata.json in Resources */,
				D9EB0E9B254C3DD100C67E20 /* Assets.xcassets in Resources */,
			);
			runOnlyForDeploymentPostprocessing = 0;
		};
		D9EB0EA2254C3DD100C67E20 /* Resources */ = {
			isa = PBXResourcesBuildPhase;
			buildActionMask = 2147483647;
			files = (
			);
			runOnlyForDeploymentPostprocessing = 0;
		};
		D9EB0EAD254C3DD100C67E20 /* Resources */ = {
			isa = PBXResourcesBuildPhase;
			buildActionMask = 2147483647;
			files = (
			);
			runOnlyForDeploymentPostprocessing = 0;
		};
/* End PBXResourcesBuildPhase section */

/* Begin PBXSourcesBuildPhase section */
		D9EB0E8F254C3DD000C67E20 /* Sources */ = {
			isa = PBXSourcesBuildPhase;
			buildActionMask = 2147483647;
			files = (
				D9EB0EDB254C47AC00C67E20 /* RowFilmView.swift in Sources */,
				D9EB0ED5254C444800C67E20 /* FilmsView.swift in Sources */,
				D9EB0E99254C3DD000C67E20 /* ContentView.swift in Sources */,
				D9EB0ECC254C3F8800C67E20 /* Score.swift in Sources */,
				D9EB0E97254C3DD000C67E20 /* FilmsApp.swift in Sources */,
			);
			runOnlyForDeploymentPostprocessing = 0;
		};
		D9EB0EA0254C3DD100C67E20 /* Sources */ = {
			isa = PBXSourcesBuildPhase;
			buildActionMask = 2147483647;
			files = (
				D9EB0EA9254C3DD100C67E20 /* FilmsTests.swift in Sources */,
			);
			runOnlyForDeploymentPostprocessing = 0;
		};
		D9EB0EAB254C3DD100C67E20 /* Sources */ = {
			isa = PBXSourcesBuildPhase;
			buildActionMask = 2147483647;
			files = (
				D9EB0EB4254C3DD100C67E20 /* FilmsUITests.swift in Sources */,
			);
			runOnlyForDeploymentPostprocessing = 0;
		};
/* End PBXSourcesBuildPhase section */

/* Begin PBXTargetDependency section */
		D9EB0EA6254C3DD100C67E20 /* PBXTargetDependency */ = {
			isa = PBXTargetDependency;
			target = D9EB0E92254C3DD000C67E20 /* Films */;
			targetProxy = D9EB0EA5254C3DD100C67E20 /* PBXContainerItemProxy */;
		};
		D9EB0EB1254C3DD100C67E20 /* PBXTargetDependency */ = {
			isa = PBXTargetDependency;
			target = D9EB0E92254C3DD000C67E20 /* Films */;
			targetProxy = D9EB0EB0254C3DD100C67E20 /* PBXContainerItemProxy */;
		};
/* End PBXTargetDependency section */

/* Begin XCBuildConfiguration section */
		D9EB0EB6254C3DD100C67E20 /* Debug */ = {
			isa = XCBuildConfiguration;
			buildSettings = {
				ALWAYS_SEARCH_USER_PATHS = NO;
				CLANG_ANALYZER_NONNULL = YES;
				CLANG_ANALYZER_NUMBER_OBJECT_CONVERSION = YES_AGGRESSIVE;
				CLANG_CXX_LANGUAGE_STANDARD = "gnu++14";
				CLANG_CXX_LIBRARY = "libc++";
				CLANG_ENABLE_MODULES = YES;
				CLANG_ENABLE_OBJC_ARC = YES;
				CLANG_ENABLE_OBJC_WEAK = YES;
				CLANG_WARN_BLOCK_CAPTURE_AUTORELEASING = YES;
				CLANG_WARN_BOOL_CONVERSION = YES;
				CLANG_WARN_COMMA = YES;
				CLANG_WARN_CONSTANT_CONVERSION = YES;
				CLANG_WARN_DEPRECATED_OBJC_IMPLEMENTATIONS = YES;
				CLANG_WARN_DIRECT_OBJC_ISA_USAGE = YES_ERROR;
				CLANG_WARN_DOCUMENTATION_COMMENTS = YES;
				CLANG_WARN_EMPTY_BODY = YES;
				CLANG_WARN_ENUM_CONVERSION = YES;
				CLANG_WARN_INFINITE_RECURSION = YES;
				CLANG_WARN_INT_CONVERSION = YES;
				CLANG_WARN_NON_LITERAL_NULL_CONVERSION = YES;
				CLANG_WARN_OBJC_IMPLICIT_RETAIN_SELF = YES;
				CLANG_WARN_OBJC_LITERAL_CONVERSION = YES;
				CLANG_WARN_OBJC_ROOT_CLASS = YES_ERROR;
				CLANG_WARN_QUOTED_INCLUDE_IN_FRAMEWORK_HEADER = YES;
				CLANG_WARN_RANGE_LOOP_ANALYSIS = YES;
				CLANG_WARN_STRICT_PROTOTYPES = YES;
				CLANG_WARN_SUSPICIOUS_MOVE = YES;
				CLANG_WARN_UNGUARDED_AVAILABILITY = YES_AGGRESSIVE;
				CLANG_WARN_UNREACHABLE_CODE = YES;
				CLANG_WARN__DUPLICATE_METHOD_MATCH = YES;
				COPY_PHASE_STRIP = NO;
				DEBUG_INFORMATION_FORMAT = dwarf;
				ENABLE_STRICT_OBJC_MSGSEND = YES;
				ENABLE_TESTABILITY = YES;
				GCC_C_LANGUAGE_STANDARD = gnu11;
				GCC_DYNAMIC_NO_PIC = NO;
				GCC_NO_COMMON_BLOCKS = YES;
				GCC_OPTIMIZATION_LEVEL = 0;
				GCC_PREPROCESSOR_DEFINITIONS = (
					"DEBUG=1",
					"$(inherited)",
				);
				GCC_WARN_64_TO_32_BIT_CONVERSION = YES;
				GCC_WARN_ABOUT_RETURN_TYPE = YES_ERROR;
				GCC_WARN_UNDECLARED_SELECTOR = YES;
				GCC_WARN_UNINITIALIZED_AUTOS = YES_AGGRESSIVE;
				GCC_WARN_UNUSED_FUNCTION = YES;
				GCC_WARN_UNUSED_VARIABLE = YES;
				IPHONEOS_DEPLOYMENT_TARGET = 14.1;
				MTL_ENABLE_DEBUG_INFO = INCLUDE_SOURCE;
				MTL_FAST_MATH = YES;
				ONLY_ACTIVE_ARCH = YES;
				SDKROOT = iphoneos;
				SWIFT_ACTIVE_COMPILATION_CONDITIONS = DEBUG;
				SWIFT_OPTIMIZATION_LEVEL = "-Onone";
			};
			name = Debug;
		};
		D9EB0EB7254C3DD100C67E20 /* Release */ = {
			isa = XCBuildConfiguration;
			buildSettings = {
				ALWAYS_SEARCH_USER_PATHS = NO;
				CLANG_ANALYZER_NONNULL = YES;
				CLANG_ANALYZER_NUMBER_OBJECT_CONVERSION = YES_AGGRESSIVE;
				CLANG_CXX_LANGUAGE_STANDARD = "gnu++14";
				CLANG_CXX_LIBRARY = "libc++";
				CLANG_ENABLE_MODULES = YES;
				CLANG_ENABLE_OBJC_ARC = YES;
				CLANG_ENABLE_OBJC_WEAK = YES;
				CLANG_WARN_BLOCK_CAPTURE_AUTORELEASING = YES;
				CLANG_WARN_BOOL_CONVERSION = YES;
				CLANG_WARN_COMMA = YES;
				CLANG_WARN_CONSTANT_CONVERSION = YES;
				CLANG_WARN_DEPRECATED_OBJC_IMPLEMENTATIONS = YES;
				CLANG_WARN_DIRECT_OBJC_ISA_USAGE = YES_ERROR;
				CLANG_WARN_DOCUMENTATION_COMMENTS = YES;
				CLANG_WARN_EMPTY_BODY = YES;
				CLANG_WARN_ENUM_CONVERSION = YES;
				CLANG_WARN_INFINITE_RECURSION = YES;
				CLANG_WARN_INT_CONVERSION = YES;
				CLANG_WARN_NON_LITERAL_NULL_CONVERSION = YES;
				CLANG_WARN_OBJC_IMPLICIT_RETAIN_SELF = YES;
				CLANG_WARN_OBJC_LITERAL_CONVERSION = YES;
				CLANG_WARN_OBJC_ROOT_CLASS = YES_ERROR;
				CLANG_WARN_QUOTED_INCLUDE_IN_FRAMEWORK_HEADER = YES;
				CLANG_WARN_RANGE_LOOP_ANALYSIS = YES;
				CLANG_WARN_STRICT_PROTOTYPES = YES;
				CLANG_WARN_SUSPICIOUS_MOVE = YES;
				CLANG_WARN_UNGUARDED_AVAILABILITY = YES_AGGRESSIVE;
				CLANG_WARN_UNREACHABLE_CODE = YES;
				CLANG_WARN__DUPLICATE_METHOD_MATCH = YES;
				COPY_PHASE_STRIP = NO;
				DEBUG_INFORMATION_FORMAT = "dwarf-with-dsym";
				ENABLE_NS_ASSERTIONS = NO;
				ENABLE_STRICT_OBJC_MSGSEND = YES;
				GCC_C_LANGUAGE_STANDARD = gnu11;
				GCC_NO_COMMON_BLOCKS = YES;
				GCC_WARN_64_TO_32_BIT_CONVERSION = YES;
				GCC_WARN_ABOUT_RETURN_TYPE = YES_ERROR;
				GCC_WARN_UNDECLARED_SELECTOR = YES;
				GCC_WARN_UNINITIALIZED_AUTOS = YES_AGGRESSIVE;
				GCC_WARN_UNUSED_FUNCTION = YES;
				GCC_WARN_UNUSED_VARIABLE = YES;
				IPHONEOS_DEPLOYMENT_TARGET = 14.1;
				MTL_ENABLE_DEBUG_INFO = NO;
				MTL_FAST_MATH = YES;
				SDKROOT = iphoneos;
				SWIFT_COMPILATION_MODE = wholemodule;
				SWIFT_OPTIMIZATION_LEVEL = "-O";
				VALIDATE_PRODUCT = YES;
			};
			name = Release;
		};
		D9EB0EB9254C3DD100C67E20 /* Debug */ = {
			isa = XCBuildConfiguration;
			buildSettings = {
				ASSETCATALOG_COMPILER_APPICON_NAME = AppIcon;
				ASSETCATALOG_COMPILER_GLOBAL_ACCENT_COLOR_NAME = AccentColor;
				CODE_SIGN_STYLE = Automatic;
				DEVELOPMENT_ASSET_PATHS = "\"Films/Preview Content\"";
				DEVELOPMENT_TEAM = PH83ZF2MA5;
				ENABLE_PREVIEWS = YES;
				INFOPLIST_FILE = Films/Info.plist;
				IPHONEOS_DEPLOYMENT_TARGET = 14.0;
				LD_RUNPATH_SEARCH_PATHS = (
					"$(inherited)",
					"@executable_path/Frameworks",
				);
				PRODUCT_BUNDLE_IDENTIFIER = com.silversunstudio.Films;
				PRODUCT_NAME = "$(TARGET_NAME)";
				SWIFT_VERSION = 5.0;
				TARGETED_DEVICE_FAMILY = "1,2";
			};
			name = Debug;
		};
		D9EB0EBA254C3DD100C67E20 /* Release */ = {
			isa = XCBuildConfiguration;
			buildSettings = {
				ASSETCATALOG_COMPILER_APPICON_NAME = AppIcon;
				ASSETCATALOG_COMPILER_GLOBAL_ACCENT_COLOR_NAME = AccentColor;
				CODE_SIGN_STYLE = Automatic;
				DEVELOPMENT_ASSET_PATHS = "\"Films/Preview Content\"";
				DEVELOPMENT_TEAM = PH83ZF2MA5;
				ENABLE_PREVIEWS = YES;
				INFOPLIST_FILE = Films/Info.plist;
				IPHONEOS_DEPLOYMENT_TARGET = 14.0;
				LD_RUNPATH_SEARCH_PATHS = (
					"$(inherited)",
					"@executable_path/Frameworks",
				);
				PRODUCT_BUNDLE_IDENTIFIER = com.silversunstudio.Films;
				PRODUCT_NAME = "$(TARGET_NAME)";
				SWIFT_VERSION = 5.0;
				TARGETED_DEVICE_FAMILY = "1,2";
			};
			name = Release;
		};
		D9EB0EBC254C3DD100C67E20 /* Debug */ = {
			isa = XCBuildConfiguration;
			buildSettings = {
				ALWAYS_EMBED_SWIFT_STANDARD_LIBRARIES = YES;
				BUNDLE_LOADER = "$(TEST_HOST)";
				CODE_SIGN_STYLE = Automatic;
				DEVELOPMENT_TEAM = PH83ZF2MA5;
				INFOPLIST_FILE = FilmsTests/Info.plist;
				IPHONEOS_DEPLOYMENT_TARGET = 14.0;
				LD_RUNPATH_SEARCH_PATHS = (
					"$(inherited)",
					"@executable_path/Frameworks",
					"@loader_path/Frameworks",
				);
				PRODUCT_BUNDLE_IDENTIFIER = com.silversunstudio.FilmsTests;
				PRODUCT_NAME = "$(TARGET_NAME)";
				SWIFT_VERSION = 5.0;
				TARGETED_DEVICE_FAMILY = "1,2";
				TEST_HOST = "$(BUILT_PRODUCTS_DIR)/Films.app/Films";
			};
			name = Debug;
		};
		D9EB0EBD254C3DD100C67E20 /* Release */ = {
			isa = XCBuildConfiguration;
			buildSettings = {
				ALWAYS_EMBED_SWIFT_STANDARD_LIBRARIES = YES;
				BUNDLE_LOADER = "$(TEST_HOST)";
				CODE_SIGN_STYLE = Automatic;
				DEVELOPMENT_TEAM = PH83ZF2MA5;
				INFOPLIST_FILE = FilmsTests/Info.plist;
				IPHONEOS_DEPLOYMENT_TARGET = 14.0;
				LD_RUNPATH_SEARCH_PATHS = (
					"$(inherited)",
					"@executable_path/Frameworks",
					"@loader_path/Frameworks",
				);
				PRODUCT_BUNDLE_IDENTIFIER = com.silversunstudio.FilmsTests;
				PRODUCT_NAME = "$(TARGET_NAME)";
				SWIFT_VERSION = 5.0;
				TARGETED_DEVICE_FAMILY = "1,2";
				TEST_HOST = "$(BUILT_PRODUCTS_DIR)/Films.app/Films";
			};
			name = Release;
		};
		D9EB0EBF254C3DD100C67E20 /* Debug */ = {
			isa = XCBuildConfiguration;
			buildSettings = {
				ALWAYS_EMBED_SWIFT_STANDARD_LIBRARIES = YES;
				CODE_SIGN_STYLE = Automatic;
				DEVELOPMENT_TEAM = PH83ZF2MA5;
				INFOPLIST_FILE = FilmsUITests/Info.plist;
				LD_RUNPATH_SEARCH_PATHS = (
					"$(inherited)",
					"@executable_path/Frameworks",
					"@loader_path/Frameworks",
				);
				PRODUCT_BUNDLE_IDENTIFIER = com.silversunstudio.FilmsUITests;
				PRODUCT_NAME = "$(TARGET_NAME)";
				SWIFT_VERSION = 5.0;
				TARGETED_DEVICE_FAMILY = "1,2";
				TEST_TARGET_NAME = Films;
			};
			name = Debug;
		};
		D9EB0EC0254C3DD100C67E20 /* Release */ = {
			isa = XCBuildConfiguration;
			buildSettings = {
				ALWAYS_EMBED_SWIFT_STANDARD_LIBRARIES = YES;
				CODE_SIGN_STYLE = Automatic;
				DEVELOPMENT_TEAM = PH83ZF2MA5;
				INFOPLIST_FILE = FilmsUITests/Info.plist;
				LD_RUNPATH_SEARCH_PATHS = (
					"$(inherited)",
					"@executable_path/Frameworks",
					"@loader_path/Frameworks",
				);
				PRODUCT_BUNDLE_IDENTIFIER = com.silversunstudio.FilmsUITests;
				PRODUCT_NAME = "$(TARGET_NAME)";
				SWIFT_VERSION = 5.0;
				TARGETED_DEVICE_FAMILY = "1,2";
				TEST_TARGET_NAME = Films;
			};
			name = Release;
		};
/* End XCBuildConfiguration section */

/* Begin XCConfigurationList section */
		D9EB0E8E254C3DD000C67E20 /* Build configuration list for PBXProject "Films" */ = {
			isa = XCConfigurationList;
			buildConfigurations = (
				D9EB0EB6254C3DD100C67E20 /* Debug */,
				D9EB0EB7254C3DD100C67E20 /* Release */,
			);
			defaultConfigurationIsVisible = 0;
			defaultConfigurationName = Release;
		};
		D9EB0EB8254C3DD100C67E20 /* Build configuration list for PBXNativeTarget "Films" */ = {
			isa = XCConfigurationList;
			buildConfigurations = (
				D9EB0EB9254C3DD100C67E20 /* Debug */,
				D9EB0EBA254C3DD100C67E20 /* Release */,
			);
			defaultConfigurationIsVisible = 0;
			defaultConfigurationName = Release;
		};
		D9EB0EBB254C3DD100C67E20 /* Build configuration list for PBXNativeTarget "FilmsTests" */ = {
			isa = XCConfigurationList;
			buildConfigurations = (
				D9EB0EBC254C3DD100C67E20 /* Debug */,
				D9EB0EBD254C3DD100C67E20 /* Release */,
			);
			defaultConfigurationIsVisible = 0;
			defaultConfigurationName = Release;
		};
		D9EB0EBE254C3DD100C67E20 /* Build configuration list for PBXNativeTarget "FilmsUITests" */ = {
			isa = XCConfigurationList;
			buildConfigurations = (
				D9EB0EBF254C3DD100C67E20 /* Debug */,
				D9EB0EC0254C3DD100C67E20 /* Release */,
			);
			defaultConfigurationIsVisible = 0;
			defaultConfigurationName = Release;
		};
/* End XCConfigurationList section */
	};
	rootObject = D9EB0E8B254C3DD000C67E20 /* Project object */;
}
